github.com/bytedance/sonic v1.9.1 h1:6iJ6NqdoxCDk6yz4eCpGykA0U8iuk4F0sDxi9wqQ0SM=
github.com/bytedance/sonic/loader v0.0.0-20221115062448-fe3a3abad311 h1:9iR6IlcGQXFe+UK7iYmStcJvOwoOa09/+Fb9WjjTRBg=
github.com/chenzhuoyu/base64x v0.0.0-20221115062448-fe3a3abad311 h1:qSGYFH7+jueDFM4yHAjWzqVHDBp7QlLugX0B0V04HYQ=
github.com/chenzhuoyu/iasm v0.9.0 h1:QaJTQK3c8VUz1o8mJF0X9/95XcTf0mdI8ymfGg1w/7yY=
github.com/gabriel-vasile/mimetype v1.4.2 h1:w5qFW6JKBz9Y393Y4q372O9A7cUSequkh1/7HH1w5CE=
github.com/gin-contrib/sse v0.1.0 h1:YHDY1nve88Z0mu1I6K9NiozXi3/Lwsja10M3NjBEj/Y=
github.com/gin-gonic/gin v1.9.1 h1:4idEAncQnU5cB7BeOkPtxjfCSye0AAm1R0RVIqJ+Jmg=
github.com/go-playground/locales v0.14.1 h1:EWaQ/wswjilfKLTECiXz7Rh+3BjFhfDFKv/oXslEjJA=
github.com/go-playground/universal-translator v0.18.1 h1:BcnI0SXYVoUiAV4tguI4yJA1Qxna/t2Q0xJfSgmt4A4=
github.com/go-playground/validator/v10 v10.14.0 h1:vgvYWe0tL95aOawbRO0z8Y/mMXJrhZI/4VOhqGmE98g=
github.com/goccy/go-json v0.10.2 h1:CrxCmQqYDkv1z7lO7Wbh2HN93uov12xfJzI1hUyPj8s=
github.com/json-iterator/go v1.1.12 h1:PV8peI4a0ysnczrg+LtxykD8LfKY9ML6u2jnxaEnrnM=
github.com/joho/godotenv v1.4.0 h1:7eLL/+HRGLY0ldzfGMeQkb7vMd0as4CfYvUVzLqw0N0=
github.com/klauspost/cpuid/v2 v2.2.4 h1:acbojRNl3Fz0Uz4gP4H+JbFqVK76Nn0z5GkH9Yrqk5s=
github.com/leodido/go-urn v1.2.4 h1:AdbkU/KONVuYUR8UY2jGqBfpVmqJZb6Yvw8Un2hKbVI=
github.com/mattn/go-isatty v0.0.19 h1:JITubQf0MOLdlGRuRq+jtsDlekdYPia9ZqBw4WBt/ZA=
github.com/modern-go/concurrent v0.0.0-20180306012644-bacd9c7ef1dd h1:TRLaZ9cD/w8PVh93nsPXa1VrQ6jlwL5oN8l14QlcNfg=
github.com/modern-go/reflect2 v1.0.2 h1:xBagoLtFs94RxntxmyKe1zfMQ8R64Jkde1uRmk4Z86A=
github.com/pelletier/go-toml/v2 v2.0.8 h1:0ctb6s9mE31h0/lhu+J6OPmVM9iXqUNb1S2i7iABVkA=
github.com/twitchyliquid64/golang-asm v0.15.1 h1:SU5vSMR7TdSxHqkbnU/5F1RuxV4YJ1yBN9sG2OPVn2I=
github.com/ugorji/go/codec v1.2.11 h1:BMaWp1Bb6fHwEtbplGBGJ498wD+LKlNSl25MjdZY4dU=
golang.org/x/arch v0.3.0 h1:02VY4zXoP0i7Oe5GB6hON5c3s2opn8P/kLyc8AkdIyk=
golang.org/x/crypto v0.12.0 h1:tFM/ta59kqch6LlvYnPa0yx5a83cL2nHflFhYKvv9Yk=
golang.org/x/net v0.10.0 h1:0ceWDvzVbExTh0RyaCitZ0Xrx8cB07kY+9fN2yP8bW9Q=
golang.org/x/sys v0.11.0 h1:ljd0tSWnC9pp1aCmjf3DqrTdtocJJD1SKRDLX8sXpfs=
golang.org/x/text v0.12.0 h1:k+n5B8goJNdU7Cbhxney3XJzF4ZXKdVeI0YqHPjb3jY=
google.golang.org/protobuf v1.30.0 h1:kPPoIgf3TsEvrv0ViY/0y9XPKd8R9gfm+4sK3oJNKc8=
gopkg.in/yaml.v3 v3.0.1 h1:fxVm/GzAzEWqLHuvctI91KS9hhNmmWOoWu0AXY1YI=
